# THIS IS AN AUTOGENERATED FILE. DO NOT EDIT THIS FILE DIRECTLY.
# yarn lockfile v1


"@types/jest@^22.1.1":
  version "22.1.1"
  resolved "https://registry.yarnpkg.com/@types/jest/-/jest-22.1.1.tgz#231d7c60ed130200af9e96c82469ed25b59a7ea2"

"@types/node@^8.9.1":
  version "8.9.1"
  resolved "https://registry.yarnpkg.com/@types/node/-/node-8.9.1.tgz#5a329d73a97f3c5a626dfe0ed8c0b831fee5357a"

typescript@^2.7.1:
  version "2.7.1"
  resolved "https://registry.yarnpkg.com/typescript/-/typescript-2.7.1.tgz#bb3682c2c791ac90e7c6210b26478a8da085c359"
